# This file is generated by running "yarn install" inside your project.
# Manual changes might be lost - proceed with caution!

__metadata:
  version: 4

"@babel/code-frame@npm:^7.0.0":
  version: 7.8.3
  resolution: "@babel/code-frame@npm:7.8.3"
  dependencies:
    "@babel/highlight": ^7.8.3
  checksum: 3/0552a3e3667ad5af3bbffd537a7d177f321af3ff416522a9e9c7c671b9fc5d7f5eb6847e676e8de7a7362819e9670d9fe684e95d1c98adad0c0a0763c096955e
  languageName: node
  linkType: hard

"@babel/helper-validator-identifier@npm:^7.9.0, @babel/helper-validator-identifier@npm:^7.9.5":
  version: 7.9.5
  resolution: "@babel/helper-validator-identifier@npm:7.9.5"
  checksum: 3/f4dd825c0b959d2b634a7b8397f826e6b69d0a0213686ed3a0fc1ed42d278e374d821dc036dffc3a27223b8465eb62a6c30363f5e20427f29c6b6f8bef456ca3
  languageName: node
  linkType: hard

"@babel/highlight@npm:^7.8.3":
  version: 7.9.0
  resolution: "@babel/highlight@npm:7.9.0"
  dependencies:
    "@babel/helper-validator-identifier": ^7.9.0
    chalk: ^2.0.0
    js-tokens: ^4.0.0
  checksum: 3/9887f2fe93b10b53bffb70cccd22dff179a10230985c67dbcf8f27a536714777b8ed68548181af80f132125e8ff7464362b73081ed1510899b5040734a91e202
  languageName: node
  linkType: hard

"@babel/parser@npm:^7.1.0":
  version: 7.9.6
  resolution: "@babel/parser@npm:7.9.6"
  bin:
    parser: ./bin/babel-parser.js
  checksum: 3/95ece64d01b30eb29964a6c678844b8bb3d9e2289f956467c58c9bed68c52a9b09f500b98d8488d0df636b4d062c5abe0a9611d27d6761d278e4c3208e4295c4
  languageName: node
  linkType: hard

"@babel/runtime@npm:^7.9.2":
  version: 7.9.6
  resolution: "@babel/runtime@npm:7.9.6"
  dependencies:
    regenerator-runtime: ^0.13.4
  checksum: 3/ff94d6861daea1c6e4639f2e6d22992539fab45ce6ef468de37e0dd0df109aee94276f72fc962b48946dde0b8554a71343fc398ea5a565cab59c596829ccc2ad
  languageName: node
  linkType: hard

"@babel/types@npm:^7.0.0, @babel/types@npm:^7.3.0":
  version: 7.9.6
  resolution: "@babel/types@npm:7.9.6"
  dependencies:
    "@babel/helper-validator-identifier": ^7.9.5
    lodash: ^4.17.13
    to-fast-properties: ^2.0.0
  checksum: 3/e67bd07450ea341d18a77e8027bca7486759b8c91bb01cfaa82de306b879f3c64232edb5d3e64851de541a135a3fcf18d98dddc887d3da920e61b6308c11bc09
  languageName: node
  linkType: hard

"@nuxt/types@npm:latest":
  version: 0.7.6
  resolution: "@nuxt/types@npm:0.7.6"
  dependencies:
    "@types/autoprefixer": ^9.7.2
    "@types/babel__core": ^7.1.7
    "@types/compression": ^1.7.0
    "@types/connect": ^3.4.33
    "@types/etag": ^1.8.0
    "@types/file-loader": ^4.2.0
    "@types/html-minifier": ^3.5.3
    "@types/less": ^3.0.1
    "@types/node": ^12.12.39
    "@types/node-sass": ^4.11.1
    "@types/optimize-css-assets-webpack-plugin": ^5.0.1
    "@types/pug": ^2.0.4
    "@types/serve-static": ^1.13.3
    "@types/terser-webpack-plugin": ^2.2.0
    "@types/webpack": ^4.41.13
    "@types/webpack-bundle-analyzer": ^2.13.3
    "@types/webpack-dev-middleware": ^3.7.1
    "@types/webpack-hot-middleware": ^2.25.3
  checksum: 3/29431132430049352a4209446aac40a1323fd2a35569bd8489bf311121089df36a48c9bc05aa716175a71c512f5851dc2668f3951b8000c5e4dd4264ee3f7f68
  languageName: node
  linkType: hard

"@types/anymatch@npm:*":
  version: 1.3.1
  resolution: "@types/anymatch@npm:1.3.1"
  checksum: 3/1647865e528a168f66f57a077e9651c10a4c172b656cc3686fddf176555d42ca0a1647bfc626ea2fceb68fc7701426ab708224be1762b4a5216fe8368ffdba3c
  languageName: node
  linkType: hard

"@types/autoprefixer@npm:^9.7.2":
  version: 9.7.2
  resolution: "@types/autoprefixer@npm:9.7.2"
  dependencies:
    "@types/browserslist": "*"
    postcss: 7.x.x
  checksum: 3/a864aa52a4fb5902007f2536df1adc66c757b211e5d3b3a57b689f45d05a553c3f4755cb7161f09e04789b349c424c8eff71954d85c5ead9c49d5360e6ebe2f8
  languageName: node
  linkType: hard

"@types/babel__core@npm:^7.1.7":
  version: 7.1.7
  resolution: "@types/babel__core@npm:7.1.7"
  dependencies:
    "@babel/parser": ^7.1.0
    "@babel/types": ^7.0.0
    "@types/babel__generator": "*"
    "@types/babel__template": "*"
    "@types/babel__traverse": "*"
  checksum: 3/f440303059ca39cf036ddbb13a86dd23ca427c2631f4482f73de9f5a518ef62ebc7d407de727fea1845fabbbec62f8dea00fd559b0c8894f92d920a2c376ded4
  languageName: node
  linkType: hard

"@types/babel__generator@npm:*":
  version: 7.6.1
  resolution: "@types/babel__generator@npm:7.6.1"
  dependencies:
    "@babel/types": ^7.0.0
  checksum: 3/d9f19e0e47fe7df97e41029b656ca85e66124509b36b0ccaa5cc68617fe243240bd4431246b8928b9f08abf3818bbd6c94ba934cc7f88faaa2e32a38f5b728a8
  languageName: node
  linkType: hard

"@types/babel__template@npm:*":
  version: 7.0.2
  resolution: "@types/babel__template@npm:7.0.2"
  dependencies:
    "@babel/parser": ^7.1.0
    "@babel/types": ^7.0.0
  checksum: 3/dd13bcf6f016866dba8310053302ac657de9966d85c67748d07ee385d07bdd8af56930ed4192c426b5118f43db268c17784bc6eb051ba94c5fcd50d5ca2db74f
  languageName: node
  linkType: hard

"@types/babel__traverse@npm:*":
  version: 7.0.11
  resolution: "@types/babel__traverse@npm:7.0.11"
  dependencies:
    "@babel/types": ^7.3.0
  checksum: 3/0d5653c39dd42af7d1056cf1221a99a5ba5848315c369e802a1afd0daf17df96cfde3098b5376d578c07e7275e11b8230d496185c1bb90943052dc989bd5e1fb
  languageName: node
  linkType: hard

"@types/body-parser@npm:*":
  version: 1.19.0
  resolution: "@types/body-parser@npm:1.19.0"
  dependencies:
    "@types/connect": "*"
    "@types/node": "*"
  checksum: 3/4576f3fde5980c1219cadbc7c523bdb1cefc3713300e18bf47ff37bb9b8176342a1dc7519008311fd8fc11413cf188a83931b9b59051aa1c2f095c1e10459369
  languageName: node
  linkType: hard

"@types/browserslist@npm:*":
  version: 4.8.0
  resolution: "@types/browserslist@npm:4.8.0"
  checksum: 3/66f867fdc17989c96472498bf842315d7c720547f7ba7fe4a733f8186feedd754be563e9bc9ace83e3a583a0893c7d342843d1479ec12f53c837d001a2edd9e5
  languageName: node
  linkType: hard

"@types/clean-css@npm:*":
  version: 4.2.1
  resolution: "@types/clean-css@npm:4.2.1"
  dependencies:
    "@types/node": "*"
  checksum: 3/518fb80e077e71e4d284d87f03b3ed9546301cac5fe15a1572a9c9f3023994a6105da6a579e94d003935ca147f8fb5f43bdda89e190489117329af1d732817a9
  languageName: node
  linkType: hard

"@types/color-name@npm:^1.1.1":
  version: 1.1.1
  resolution: "@types/color-name@npm:1.1.1"
  checksum: 3/8311db94a9c4ecd247763b81e783ee49d87678b4ce6a7ee502e2bd5cea242b7357804a04855db009f713174bc654cc0c01c7303d40d757e5d710f5ac0368500f
  languageName: node
  linkType: hard

"@types/compression@npm:^1.7.0":
  version: 1.7.0
  resolution: "@types/compression@npm:1.7.0"
  dependencies:
    "@types/express": "*"
  checksum: 3/8725877fb88a37d29ce4150fbaafe67ba8fff64322330bfcc2462ea8e614d0072bf97c4db1b056d6bd3371cf76bde12bd31701e1fb9b02b3fdad483692ff97e7
  languageName: node
  linkType: hard

"@types/connect@npm:*, @types/connect@npm:^3.4.33":
  version: 3.4.33
  resolution: "@types/connect@npm:3.4.33"
  dependencies:
    "@types/node": "*"
  checksum: 3/6414495b5995fcb8274feb8b1f113c0685160ea7781e75c638325c6e7a0c226d0c554fa622fe3d278470358c99f68a5994fe49e1b104736f76f3fb3b509e375f
  languageName: node
  linkType: hard

"@types/etag@npm:^1.8.0":
  version: 1.8.0
  resolution: "@types/etag@npm:1.8.0"
  dependencies:
    "@types/node": "*"
  checksum: 3/62765d6c3e049517b3c7fdd912bdade193f30bee10af1fb45ecd68b6d0ff47a637fc25666e6c25b86afad4a1dfd63b9be801cb553b8e75be3d9c23506abdaae0
  languageName: node
  linkType: hard

"@types/express-serve-static-core@npm:*":
  version: 4.17.7
  resolution: "@types/express-serve-static-core@npm:4.17.7"
  dependencies:
    "@types/node": "*"
    "@types/qs": "*"
    "@types/range-parser": "*"
  checksum: 3/efb5f5b662b00643cf266937ffd676e80dd89fbb6d70a85a8ce646444435a100b0fbb5bd7231f5c9872855aa56769b71b83afb1542c640d56e64d3de5917b64d
  languageName: node
  linkType: hard

"@types/express@npm:*":
  version: 4.17.6
  resolution: "@types/express@npm:4.17.6"
  dependencies:
    "@types/body-parser": "*"
    "@types/express-serve-static-core": "*"
    "@types/qs": "*"
    "@types/serve-static": "*"
  checksum: 3/45e31c66a048bfb8ddfb28f9c7f448f89eb8667132dc13f0e35397d5e4df05796f920a114bb774ba910bb3795a18d17a3ea8ae6aaf4d0d2e6b6c5622866f21d0
  languageName: node
  linkType: hard

"@types/file-loader@npm:^4.2.0":
  version: 4.2.0
  resolution: "@types/file-loader@npm:4.2.0"
  dependencies:
    "@types/webpack": "*"
  checksum: 3/2351ac8db376883936db8b8b8ac62766d60db94bb352a56f5972a2b2e748461a56be8281c7729f9ecf766a285c23f7a65e500f1e6fa188a7f6dfb0846f40f8ea
  languageName: node
  linkType: hard

"@types/html-minifier@npm:^3.5.3":
  version: 3.5.3
  resolution: "@types/html-minifier@npm:3.5.3"
  dependencies:
    "@types/clean-css": "*"
    "@types/relateurl": "*"
    "@types/uglify-js": "*"
  checksum: 3/5c4b293c2612efec0a8e8ac6d96bd4554a3c8cb053741f1a1af0ea9fda6cd5ff6baf21443a854f0e371bd70141dcd1b384629730ac7b26fc1f9b2c71cd24b435
  languageName: node
  linkType: hard

"@types/less@npm:^3.0.1":
  version: 3.0.1
  resolution: "@types/less@npm:3.0.1"
  checksum: 3/fe20f8881e541354a6971ec128b4958d264ca6c093fb2d3e5ed8e37c0b25d7162fb1d95014a8431aae494d73121ca35a16dc1308fce81752569a543d3e1b595d
  languageName: node
  linkType: hard

"@types/memory-fs@npm:*":
  version: 0.3.2
  resolution: "@types/memory-fs@npm:0.3.2"
  dependencies:
    "@types/node": "*"
  checksum: 3/27b987543ad090a91ea31a18ee2b236c2ef985f9b47aaa8d483e2bc45d3ae9c5e46e1c6eae80851c0810ba2c0df3119e9a83e22bc43a7d9b4d5b8724e6bb0355
  languageName: node
  linkType: hard

"@types/mime@npm:*":
  version: 2.0.2
  resolution: "@types/mime@npm:2.0.2"
  checksum: 3/4ec6fb38c3e7fcd914f50f0f620a6dcca82dc71dbc6ed4869fef2b7be666db7bb1746d554a680d79d3f70f80c1f0199dafba4c918bc5c353200d3551e9b4d6b9
  languageName: node
  linkType: hard

"@types/node-sass@npm:^4.11.1":
  version: 4.11.1
  resolution: "@types/node-sass@npm:4.11.1"
  dependencies:
    "@types/node": "*"
  checksum: 3/a72babe1b443d45385d783fc007d2e9122e791dade010606382366a14c3df6a54b3d2a24707f218d64080d0981e2cac30142127012fc3f538e48b1a4897765bf
  languageName: node
  linkType: hard

"@types/node@npm:*, @types/node@npm:latest":
  version: 14.0.4
  resolution: "@types/node@npm:14.0.4"
  checksum: 3/ea723cbd063ab777920a624002d3caaa274482e055d29d92247bd39b4c826f0a62d3badb173f360a9d6fe03ff607ce27310a0b8a4c9835ecb91fa17d9627aecd
  languageName: node
  linkType: hard

"@types/node@npm:^12.12.39":
  version: 12.12.41
  resolution: "@types/node@npm:12.12.41"
  checksum: 3/18bc615621df9a03da4f34f056028ee8718ccbee96b2cd51a5ca6d5afa35b11e1470216499885e31ca04d00fe6a0aa5b294da4a376f4fb424d9ecfd7a58a2345
  languageName: node
  linkType: hard

"@types/optimize-css-assets-webpack-plugin@npm:^5.0.1":
  version: 5.0.1
  resolution: "@types/optimize-css-assets-webpack-plugin@npm:5.0.1"
  dependencies:
    "@types/webpack": "*"
  checksum: 3/84a26fbd8bf819a35c6c1e22ee23f5b15e77861a417aae2b7ad4213674cea0151bb0080ca86884b0998e5bc067b266c2755b479119580832bea9391894ead486
  languageName: node
  linkType: hard

"@types/parse-json@npm:^4.0.0":
  version: 4.0.0
  resolution: "@types/parse-json@npm:4.0.0"
  checksum: 3/4a8f720afac47b474d3f2eece312340e72bc31bc9561cda37b596ce2ed218c0099765d302625bb67d659a8452a1f93d514f4863c11c7ebaf65430428687dc426
  languageName: node
  linkType: hard

"@types/pug@npm:^2.0.4":
  version: 2.0.4
  resolution: "@types/pug@npm:2.0.4"
  checksum: 3/f4470eb1884afd1c4659ee1dcc6d838a06ecd959e33a4d911488b4e0edebea6bf97b0964a93383df50a381f85c36e5e737891db5757defdfd2e1c4a279e7dc2b
  languageName: node
  linkType: hard

"@types/qs@npm:*":
  version: 6.9.3
  resolution: "@types/qs@npm:6.9.3"
  checksum: 3/4b6b5b759423dbd08581e6dc55d140651455f01a8587a03ac557799e605c190119f6f9446494665d7409889f08aaec7763223f7c26972de0d897a3238710ed71
  languageName: node
  linkType: hard

"@types/range-parser@npm:*":
  version: 1.2.3
  resolution: "@types/range-parser@npm:1.2.3"
  checksum: 3/092fabae0ecbd728d3e4debc938cd043e97cb9f210cfec1c56ff6065c6e91666f376eb586591825d6757a058fd1a1dc4831d34e04ecfbb0800f35b8d86d38635
  languageName: node
  linkType: hard

"@types/relateurl@npm:*":
  version: 0.2.28
  resolution: "@types/relateurl@npm:0.2.28"
  checksum: 3/4ef1a209ad6f6b0d2abfb310c0e4bb10dd76cb17c911e763564fe440d4f88d7feb224e9a89df4352175a0159a60f484688f29011dcd9cbc5b423b41ada2d6f21
  languageName: node
  linkType: hard

"@types/serve-static@npm:*, @types/serve-static@npm:^1.13.3":
  version: 1.13.4
  resolution: "@types/serve-static@npm:1.13.4"
  dependencies:
    "@types/express-serve-static-core": "*"
    "@types/mime": "*"
  checksum: 3/9b9f2a91248ccdc13f2ca658d276bac6b7c7f6907dcb3c9b1602d4d239438717323226b1469788b351967ae29d25663fa66328668923e674246b20d5df4f3e88
  languageName: node
  linkType: hard

"@types/source-list-map@npm:*":
  version: 0.1.2
  resolution: "@types/source-list-map@npm:0.1.2"
  checksum: 3/191f0e3b056b481e7a0bbb38f3d5b54b015556e38075726ca2637a35d3694df85cd16761b1b188729ac687a55aec3cbc2b07033ac090bcc13efe09ad10a3e935
  languageName: node
  linkType: hard

"@types/tapable@npm:*":
  version: 1.0.5
  resolution: "@types/tapable@npm:1.0.5"
  checksum: 3/f87cd98a09be272dde705155097d0e02dfdd7fe98395ade968632ff7ee1f39839f03daee59da921345c2177d118f085dcb4e4e4d2d4bea801d354cc0f33a1d2d
  languageName: node
  linkType: hard

"@types/terser-webpack-plugin@npm:^2.2.0":
  version: 2.2.0
  resolution: "@types/terser-webpack-plugin@npm:2.2.0"
  dependencies:
    "@types/webpack": "*"
    terser: ^4.3.9
  checksum: 3/39f95345bd4b830ce75f0b071ed493c42cca8f0f0b1c4d6a7e2f6e82dae80e2d9bf3f95fcf8fcf51f99f35659598622ac7299adac96d0126b6370ba320779282
  languageName: node
  linkType: hard

"@types/uglify-js@npm:*":
  version: 3.9.2
  resolution: "@types/uglify-js@npm:3.9.2"
  dependencies:
    source-map: ^0.6.1
  checksum: 3/dbcb77cd980b9bb4b42a6f5d3e3cf9fa2f53292e49e042a1ab9eef68ce01859facbcf6cdbb83a672cf876026e18dce8b75ec6b9d56d5ea31d1466f8758988d6f
  languageName: node
  linkType: hard

"@types/webpack-bundle-analyzer@npm:^2.13.3":
  version: 2.13.3
  resolution: "@types/webpack-bundle-analyzer@npm:2.13.3"
  dependencies:
    "@types/webpack": "*"
  checksum: 3/2527d2d44492a207d8575808805a01cde266520bdfb6eef7e4aee0da8117daac44fbe7aa6a8a7b364331993196b9bb9a2f25eb58c345046e5fa294ea3b7eb569
  languageName: node
  linkType: hard

"@types/webpack-dev-middleware@npm:^3.7.1":
  version: 3.7.1
  resolution: "@types/webpack-dev-middleware@npm:3.7.1"
  dependencies:
    "@types/connect": "*"
    "@types/memory-fs": "*"
    "@types/webpack": "*"
    loglevel: ^1.6.2
  checksum: 3/e359a31885bed713fe2917e24d2fedbd97d39a5357037438d9de9640a3952177079720bdfa34b83ae7e9313184858f439dea8b1aa829525e8663a470c8209943
  languageName: node
  linkType: hard

"@types/webpack-hot-middleware@npm:^2.25.3":
  version: 2.25.3
  resolution: "@types/webpack-hot-middleware@npm:2.25.3"
  dependencies:
    "@types/connect": "*"
    "@types/webpack": "*"
  checksum: 3/e600c846aeef03450bd5a39944f1f775b36d339d89e084fa68815ba7443ede179fba5168fbc419c16884d852c889a7bb7520df01095d6622ef536fcefbfc9b05
  languageName: node
  linkType: hard

"@types/webpack-sources@npm:*":
  version: 0.1.7
  resolution: "@types/webpack-sources@npm:0.1.7"
  dependencies:
    "@types/node": "*"
    "@types/source-list-map": "*"
    source-map: ^0.6.1
  checksum: 3/f780beb1909c494b7a46872b7333d048d23e02503915b82b500c2498bef7a4cb9fcfdab13c2dde72d92cd2365d2ffdcc32d94eaaa7e08006360d2a8137c6b431
  languageName: node
  linkType: hard

"@types/webpack@npm:*, @types/webpack@npm:^4.41.13":
  version: 4.41.13
  resolution: "@types/webpack@npm:4.41.13"
  dependencies:
    "@types/anymatch": "*"
    "@types/node": "*"
    "@types/tapable": "*"
    "@types/uglify-js": "*"
    "@types/webpack-sources": "*"
    source-map: ^0.6.0
  checksum: 3/bc006cf5cd0333129234f5c0ab0cb22d2ca3288bf8ffb53985fbdafe8dec116da490c68d817087bc58fddbce4f719eecae69b675cfb3d79226c57c66ff7d7453
  languageName: node
  linkType: hard

"ansi-styles@npm:^3.2.1":
  version: 3.2.1
  resolution: "ansi-styles@npm:3.2.1"
  dependencies:
    color-convert: ^1.9.0
  checksum: 3/456e1c23d9277512a47718da75e7fbb0a5ee215ef893c2f76d6b3efe8fceabc861121b80b0362146f5f995d21a1633f05a19bbf6283ae66ac11dc3b9c0bed779
  languageName: node
  linkType: hard

"ansi-styles@npm:^4.1.0":
  version: 4.2.1
  resolution: "ansi-styles@npm:4.2.1"
  dependencies:
    "@types/color-name": ^1.1.1
    color-convert: ^2.0.1
  checksum: 3/c8c007d5dab7b4fea064c9ea318114e1f6fc714bb382d061ac09e66bc83c8f3ce12bb6354be01598722c14a5d710af280b7614d269354f80d2535946aefa82f4
  languageName: node
  linkType: hard

"base64-arraybuffer@npm:^0.2.0":
  version: 0.2.0
  resolution: "base64-arraybuffer@npm:0.2.0"
  checksum: 3/097fafec2f8ac4b9de62426cf7132123b82f6f5a941dc45301a532ae54d64b75af45ab92dc041dc6d77a3fcdc1032143b39450bb8eeefe7a3d22ac69c7e3df8a
  languageName: node
  linkType: hard

"bn.js@npm:^4.0.0, bn.js@npm:^4.1.0":
  version: 4.11.8
  resolution: "bn.js@npm:4.11.8"
  checksum: 3/c1c20812fc35367c13d5d4387b88b6b1f60dd685006d928fe7710d2b4c95ace661b7c4e400f484e189874481a813965ca32f12e9cbb31c3ced465d96fab5bcd8
  languageName: node
  linkType: hard

"brorand@npm:^1.0.1":
  version: 1.1.0
  resolution: "brorand@npm:1.1.0"
  checksum: 3/4536dd73f07f6884d89c09c906345b606abff477e87babef64a85656e8cf12b1c5f40d06313b91dac12bf3e031ac190b5d548f2c3bf75f655344c3fcf90cbc8a
  languageName: node
  linkType: hard

"buffer-from@npm:^1.0.0":
  version: 1.1.1
  resolution: "buffer-from@npm:1.1.1"
  checksum: 3/540ceb79c4f5bfcadaabbc18324fa84c50dc52905084be7c03596a339cf5a88513bee6831ce9b36ddd046fab09257a7c80686e129d0559a0cfd141da196ad956
  languageName: node
  linkType: hard

"callsites@npm:^3.0.0":
  version: 3.1.0
  resolution: "callsites@npm:3.1.0"
  checksum: 3/f726bf10d752901174cae348e69c2e58206404d5eebcea485b3fedbcf7fcffdb397e10919fdf6ee2c8adb4be52a64eea2365d52583611939bfecd109260451c9
  languageName: node
  linkType: hard

"chalk@npm:^2.0.0, chalk@npm:^2.4.2":
  version: 2.4.2
  resolution: "chalk@npm:2.4.2"
  dependencies:
    ansi-styles: ^3.2.1
    escape-string-regexp: ^1.0.5
    supports-color: ^5.3.0
  checksum: 3/22c7b7b5bc761c882bb6516454a1a671923f1c53ff972860065aa0b28a195f230163c1d46ee88bcc7a03e5539177d896457d8bc727de7f244c6e87032743038e
  languageName: node
  linkType: hard

"chalk@npm:^4.0.0":
  version: 4.0.0
  resolution: "chalk@npm:4.0.0"
  dependencies:
    ansi-styles: ^4.1.0
    supports-color: ^7.1.0
  checksum: 3/12b01a228b5ca2f03a82684c62d54c06e2ba2f7b81dd08fac56c5b9288958dd24f9cae866e140df5c29cb736059cb4be0165157ebb0b15039cc1ea511a2dab60
  languageName: node
  linkType: hard

"ci-info@npm:^2.0.0":
  version: 2.0.0
  resolution: "ci-info@npm:2.0.0"
  checksum: 3/553fe83c085fce5e19e20f85b993f24a463e6f805803837a8868607bb68b1300567868694a5dff1beca6c54926a4c0be1cc9ef0c35f810653d590bf64183f6a0
  languageName: node
  linkType: hard

"color-convert@npm:^1.9.0":
  version: 1.9.3
  resolution: "color-convert@npm:1.9.3"
  dependencies:
    color-name: 1.1.3
  checksum: 3/5f244daa3d1fe1f216d48878c550465067d15268688308554e613b7640a068f96588096d51f0b98b68f15d6ff6bb8ad24e172582ac8c0ad43fa4d3da60fd1b79
  languageName: node
  linkType: hard

"color-convert@npm:^2.0.1":
  version: 2.0.1
  resolution: "color-convert@npm:2.0.1"
  dependencies:
    color-name: ~1.1.4
  checksum: 3/3d5d8a011a43012ca11b6d739049ecf2055d95582fd16ec44bf1e685eb0baa5cc652002be8a1dc92b429c8d87418287d0528266a7595cb1ad8a7f4f1d3049df2
  languageName: node
  linkType: hard

"color-name@npm:1.1.3":
  version: 1.1.3
  resolution: "color-name@npm:1.1.3"
  checksum: 3/d8b91bb90aefc05b6ff568cf8889566dcc6269824df6f3c9b8ca842b18d7f4d089c07dc166808d33f22092d4a79167aa56a96a5ff0d21efab548bf44614db43b
  languageName: node
  linkType: hard

"color-name@npm:~1.1.4":
  version: 1.1.4
  resolution: "color-name@npm:1.1.4"
  checksum: 3/3e1c9a4dee12eada307436f61614dd11fe300469db2b83f80c8b7a7cd8a1015f0f18dd13403f018927b249003777ff60baba4a03c65f12e6bddc0dfd9642021f
  languageName: node
  linkType: hard

"commander@npm:^2.20.0":
  version: 2.20.3
  resolution: "commander@npm:2.20.3"
  checksum: 3/b73428e97de7624323f81ba13f8ed9271de487017432d18b4da3f07cfc528ad754bbd199004bd5d14e0ccd67d1fdfe0ec8dbbd4c438b401df3c4cc387bfd1daa
  languageName: node
  linkType: hard

"compare-versions@npm:^3.6.0":
  version: 3.6.0
  resolution: "compare-versions@npm:3.6.0"
  checksum: 3/09525264502bda1f6667ad2429eaf5520b543d997e79e7a94b66a5896df8921cdc3a97140dfff75af6c9ba1859c872de1921c3cf8a6c48ed807bbf9f582cf093
  languageName: node
  linkType: hard

"cosmiconfig@npm:^6.0.0":
  version: 6.0.0
  resolution: "cosmiconfig@npm:6.0.0"
  dependencies:
    "@types/parse-json": ^4.0.0
    import-fresh: ^3.1.0
    parse-json: ^5.0.0
    path-type: ^4.0.0
    yaml: ^1.7.2
  checksum: 3/bbd6bbaefe15938107da21f2b5f2d5ede75c7ed4bca5af904d91987c59b050ac95f5e786d9021e16959e0119b36174b190f6040a1daf6fddc75361ab123c0d45
  languageName: node
  linkType: hard

"diffie-hellman@npm:^5.0.3":
  version: 5.0.3
  resolution: "diffie-hellman@npm:5.0.3"
  dependencies:
    bn.js: ^4.1.0
    miller-rabin: ^4.0.0
    randombytes: ^2.0.0
  checksum: 3/c988be315dc9ec83948605da58a25912daaae787d6a5cfa0b0574383dcf9b953aa81ba3109d06bc8590b037259753d2962a362e351efcb4274e94f1b0f277065
  languageName: node
  linkType: hard

"error-ex@npm:^1.3.1":
  version: 1.3.2
  resolution: "error-ex@npm:1.3.2"
  dependencies:
    is-arrayish: ^0.2.1
  checksum: 3/6c6c9187429ae867d145bc64c682c7c137b1f8373a406dc3b605c0d92f15b85bfcea02b461dc55ae11b10d013377e1eaf3d469d2861b2f94703c743620a9c08c
  languageName: node
  linkType: hard

"escape-string-regexp@npm:^1.0.5":
  version: 1.0.5
  resolution: "escape-string-regexp@npm:1.0.5"
  checksum: 3/f9484b8b4c8827d816e0fd905c25ed4b561376a9c220e1430403ea84619bf680c76a883a48cff8b8e091daf55d6a497e37479f9787b9f15f3c421b6054289744
  languageName: node
  linkType: hard

"find-up@npm:^4.0.0":
  version: 4.1.0
  resolution: "find-up@npm:4.1.0"
  dependencies:
    locate-path: ^5.0.0
    path-exists: ^4.0.0
  checksum: 3/d612d28e02eaca6cd7128fc9bc9b456e2547a3f9875b2b2ae2dbdc6b8cec52bc2885efcb3ac6c18954e838f4c8e20565d196784b190e1d38565f9dc39aade722
  languageName: node
  linkType: hard

"find-versions@npm:^3.2.0":
  version: 3.2.0
  resolution: "find-versions@npm:3.2.0"
  dependencies:
    semver-regex: ^2.0.0
  checksum: 3/2ddc16b4265184e2b7ab68bfd9d84835178fef4193abd957ebe328e0de98e8ca3b31e2a19201c1c8308e24786faa295aab46c0bc21fa89440e2a1bc8174987f0
  languageName: node
  linkType: hard

"has-flag@npm:^3.0.0":
  version: 3.0.0
  resolution: "has-flag@npm:3.0.0"
  checksum: 3/63aade480d27aeedb3b5b63a2e069d47d0006bf182338d662e7941cdc024e68a28418e0efa8dc5df30db9c4ee2407f39e6ea3f16cfbc6b83848b450826a28aa0
  languageName: node
  linkType: hard

"has-flag@npm:^4.0.0":
  version: 4.0.0
  resolution: "has-flag@npm:4.0.0"
  checksum: 3/2e5391139d3d287231ccb58659702392f6e3abeac3296fb4721afaff46493f3d9b99a9329ae015dfe973aa206ed5c75f43e86aec0267dce79aa5c2b6e811b3ad
  languageName: node
  linkType: hard

"husky@npm:latest":
  version: 4.2.5
  resolution: "husky@npm:4.2.5"
  dependencies:
    chalk: ^4.0.0
    ci-info: ^2.0.0
    compare-versions: ^3.6.0
    cosmiconfig: ^6.0.0
    find-versions: ^3.2.0
    opencollective-postinstall: ^2.0.2
    pkg-dir: ^4.2.0
    please-upgrade-node: ^3.2.0
    slash: ^3.0.0
    which-pm-runs: ^1.0.0
  bin:
    husky-run: bin/run.js
    husky-upgrade: lib/upgrader/bin.js
  checksum: 3/9d03d38c66688ab61166b425aa70229665c93a2a6fbd0d7388923205622fe34c6cc4c251777337b0813a40891750a18d603eff8451a58d06953807535a8908ed
  languageName: node
  linkType: hard

"import-fresh@npm:^3.1.0":
  version: 3.2.1
  resolution: "import-fresh@npm:3.2.1"
  dependencies:
    parent-module: ^1.0.0
    resolve-from: ^4.0.0
  checksum: 3/5ace95063123e8c2e30cfe302421f3ef1598d4fff9763c1b6bbed0ab4e700a16e45078fbfc3f7a8a5c3680e01edf707bca25354dec90a268b9803074e46bc89c
  languageName: node
  linkType: hard

"is-arrayish@npm:^0.2.1":
  version: 0.2.1
  resolution: "is-arrayish@npm:0.2.1"
  checksum: 3/fc2bbe14dbcb27b490e63b7fbf0e3b0aae843e5e1fa96d79450bb9617797615a575c78c454ffc8e027c3ad50d63d83e85a7387784979dcd46686d2eb5f412db0
  languageName: node
  linkType: hard

"js-tokens@npm:^4.0.0":
  version: 4.0.0
  resolution: "js-tokens@npm:4.0.0"
  checksum: 3/1fc4e4667ac2d972aba65148b9cbf9c17566b2394d3504238d8492bbd3e68f496c657eab06b26b40b17db5cac0a34d153a12130e2d2d2bb6dc2cdc8a4764eb1b
  languageName: node
  linkType: hard

"json-parse-better-errors@npm:^1.0.1":
  version: 1.0.2
  resolution: "json-parse-better-errors@npm:1.0.2"
  checksum: 3/b4c4f0e43b43892af887db742b26f9aa6302b09cd5f6e655ead49fca9f47f3cdd300dcf98cf5218778262be51d7b29859221206fc98b87a1a61c5af7618dae89
  languageName: node
  linkType: hard

"lines-and-columns@npm:^1.1.6":
  version: 1.1.6
  resolution: "lines-and-columns@npm:1.1.6"
  checksum: 3/798b80ed7ae3fba34d43fe29591ccb4f16f6fca1da4e1f9922b92264b91d931012433c248daf8e44caa74feb40c0eaa0f27a14f8ee68b6ffb425f3c3f785af27
  languageName: node
  linkType: hard

"locate-path@npm:^5.0.0":
  version: 5.0.0
  resolution: "locate-path@npm:5.0.0"
  dependencies:
    p-locate: ^4.1.0
  checksum: 3/c58f49d45c8672d0a290dea0ce41fcb27205b3f2d61452ba335ef3b42ad36c10c31b1f061b46d96dd4b81e9a00e8a2897bc124d75623b80a9f6d36b1e754a6b5
  languageName: node
  linkType: hard

"lodash@npm:^4.17.13":
  version: 4.17.15
  resolution: "lodash@npm:4.17.15"
  checksum: 3/aec3fbb7570aa67bda500b8299b1b1821d60646bede87f76a74dfcc7666ab3445267d734ec71424d70809d52ad67a1356fab5ab694a3faa1908d68e9d48f00f5
  languageName: node
  linkType: hard

"loglevel@npm:^1.6.2":
  version: 1.6.8
  resolution: "loglevel@npm:1.6.8"
  checksum: 3/847939b08549649a0495e1b0d25ac89cec537a057fbb6deae468a066236ca0295aabce314366c026605537c345ece982d88783c7f44ab3599a40554bb09442ed
  languageName: node
  linkType: hard

"lz-string@npm:^1.4.4":
  version: 1.4.4
  resolution: "lz-string@npm:1.4.4"
  bin:
    lz-string: bin/bin.js
  checksum: 3/60a13f8a724d109cffc7dda4cb98569adfa0516750f8a75b7236f6bc94b47edffb59e8a1e501364404e3867cf399e6612c3981f9c81c2de75751203431bf2e69
  languageName: node
  linkType: hard

"miller-rabin@npm:^4.0.0":
  version: 4.0.1
  resolution: "miller-rabin@npm:4.0.1"
  dependencies:
    bn.js: ^4.0.0
    brorand: ^1.0.1
  bin:
    miller-rabin: bin/miller-rabin
  checksum: 3/e9f78a2c83ceca816cf61853121ad8d1e00f11731b9bf1a1b9a3b9e663ab4722a7553dd9ca644501738d548f7ead5540da1b746143ae0008ba1d7d81cf43f8c4
  languageName: node
  linkType: hard

"nuxt-userbase-module@workspace:.":
  version: 0.0.0-use.local
  resolution: "nuxt-userbase-module@workspace:."
  dependencies:
    "@nuxt/types": latest
    "@types/node": latest
    husky: latest
    prettier: latest
    prettier-config-standard: latest
    typescript: latest
    userbase-js: latest
  languageName: unknown
  linkType: soft

"opencollective-postinstall@npm:^2.0.2":
  version: 2.0.2
  resolution: "opencollective-postinstall@npm:2.0.2"
  bin:
    opencollective-postinstall: index.js
  checksum: 3/f71a908d0958a321c260050b5e9e78cbde59598e21df2dfb121b3721514db288ccdeb1d39b3ff0f9e81d85e661e5a2b3e3cd47fa1ab04feefca31facd58a5ca5
  languageName: node
  linkType: hard

"p-limit@npm:^2.2.0":
  version: 2.3.0
  resolution: "p-limit@npm:2.3.0"
  dependencies:
    p-try: ^2.0.0
  checksum: 3/5f20492a25c5f93fca2930dbbf41fa1bee46ef70eaa6b49ad1f7b963f309e599bc40507e0a3a531eee4bcd10fec4dd4a63291d0e3b2d84ac97d7403d43d271a9
  languageName: node
  linkType: hard

"p-locate@npm:^4.1.0":
  version: 4.1.0
  resolution: "p-locate@npm:4.1.0"
  dependencies:
    p-limit: ^2.2.0
  checksum: 3/57f9abef0b29f02ff88c0936a392c9a1fbdd08169e636e0d85b7407c108014d71578c0c6fe93fa49b5bf3857b20d6f16b96389e2b356f7f599d4d2150505844f
  languageName: node
  linkType: hard

"p-try@npm:^2.0.0":
  version: 2.2.0
  resolution: "p-try@npm:2.2.0"
  checksum: 3/20983f3765466c1ab617ed153cb53b70ac5df828d854a3334d185e20b37f436e9096f12bc1b7fc96d8908dc927a3685172d3d89e755774f57b7103460c54dcc5
  languageName: node
  linkType: hard

"parent-module@npm:^1.0.0":
  version: 1.0.1
  resolution: "parent-module@npm:1.0.1"
  dependencies:
    callsites: ^3.0.0
  checksum: 3/58714b9699f8e84340aaf0781b7cbd82f1c357f6ce9c035c151d0e8c1e9b869c51b95b680882f0d21b4751e817a6c936d4bb2952a1a1d9d9fb27e5a84baec2aa
  languageName: node
  linkType: hard

"parse-json@npm:^5.0.0":
  version: 5.0.0
  resolution: "parse-json@npm:5.0.0"
  dependencies:
    "@babel/code-frame": ^7.0.0
    error-ex: ^1.3.1
    json-parse-better-errors: ^1.0.1
    lines-and-columns: ^1.1.6
  checksum: 3/9c46eb0c388df4333eaa4feb996deae32f32ab447723abe48fdc6756bce863cf46009d56485fde0178bfe3ac9002ef0c3540ff4b278ad3ada2abc12186413eb8
  languageName: node
  linkType: hard

"path-exists@npm:^4.0.0":
  version: 4.0.0
  resolution: "path-exists@npm:4.0.0"
  checksum: 3/6ab15000c5bea4f3e6e6b651983276e27ee42907ea29f5bd68f0d5c425c22f1664ab53c355099723f59b0bfd31aa52d29ea499e1843bf62543e045698f4c77b2
  languageName: node
  linkType: hard

"path-type@npm:^4.0.0":
  version: 4.0.0
  resolution: "path-type@npm:4.0.0"
  checksum: 3/ef5835f2eb47e4d06004c7ec7bd51175c0455eaecd5ee99a9774bca5ef43242616e25b44ccc0ba86a0bf42b9f197550fcc0dfa7580e5ff9dca53c035e9bd86a9
  languageName: node
  linkType: hard

"pkg-dir@npm:^4.2.0":
  version: 4.2.0
  resolution: "pkg-dir@npm:4.2.0"
  dependencies:
    find-up: ^4.0.0
  checksum: 3/1956ebf3cf5cc36a5d20e93851fcadd5a786774eb08667078561e72e0ab8ace91fc36a028d5305f0bfe7c89f9bf51886e2a3c8cb2c2620accfa3feb8da3c256b
  languageName: node
  linkType: hard

"please-upgrade-node@npm:^3.2.0":
  version: 3.2.0
  resolution: "please-upgrade-node@npm:3.2.0"
  dependencies:
    semver-compare: ^1.0.0
  checksum: 3/34cf86f6d577877df5e9ced0bda57babd97bd2dc7e5965a67f990337f01ccd5203a98dc5aa7971e10088b2b1b29628d51d9770996151c7d306ed0069b4ecd745
  languageName: node
  linkType: hard

"postcss@npm:7.x.x":
  version: 7.0.30
  resolution: "postcss@npm:7.0.30"
  dependencies:
    chalk: ^2.4.2
    source-map: ^0.6.1
    supports-color: ^6.1.0
  checksum: 3/965203dcfe345370278da767a9b0c5f2d3b4f8728cb14071557591988aec25332de22c743ad1a1cd33fdbadf3390caf0931658243026d119890949bd834660ca
  languageName: node
  linkType: hard

"prettier-config-standard@npm:latest":
  version: 1.0.1
  resolution: "prettier-config-standard@npm:1.0.1"
  checksum: 3/475654f298204fc04b14047e90717b0a4589c667db4d6b8229501269d6f3377929bafd70990ca6025d9c659cd936923ae8e23cd8d9791ba6ec17b4cda12ce94d
  languageName: node
  linkType: hard

"prettier@npm:latest":
  version: 2.0.5
  resolution: "prettier@npm:2.0.5"
  bin:
    prettier: bin-prettier.js
  checksum: 3/d249d89361870a29b20e8b268cb09e908490b8c9e21f70393d12a213701f29ba7e95b7f9ce0ad63929c16ce475176742481911737ae3da4a498873e4a3b90990
  languageName: node
  linkType: hard

"randombytes@npm:^2.0.0":
  version: 2.1.0
  resolution: "randombytes@npm:2.1.0"
  dependencies:
    safe-buffer: ^5.1.0
  checksum: 3/ede2693af09732ceab1c273dd70db787f34a7b8d95bab13f1aca763483c0113452a78e53d61ff18d393dcea586d388e01f198a5132a4a85cebba31ec54164b75
  languageName: node
  linkType: hard

"regenerator-runtime@npm:^0.13.4":
  version: 0.13.5
  resolution: "regenerator-runtime@npm:0.13.5"
  checksum: 3/8d8ee0eca26e0491085033caf2b1b95379c4db21e38d79cde52bbd4014a3865eee26ec0f4f958682e8600f185f2f5dbcd8c6685b9b9261639767929c19b5bcd2
  languageName: node
  linkType: hard

"resolve-from@npm:^4.0.0":
  version: 4.0.0
  resolution: "resolve-from@npm:4.0.0"
  checksum: 3/87a4357c0c1c2d165012ec04a3b2aa58931c0c0be257890806760b627bad36c9bceb6f9b2a3726f8570c67f2c9ff3ecc9507fe65cc3ad8d45cdab015245c649f
  languageName: node
  linkType: hard

"safe-buffer@npm:^5.1.0":
  version: 5.2.1
  resolution: "safe-buffer@npm:5.2.1"
  checksum: 3/0bb57f0d8f9d1fa4fe35ad8a2db1f83a027d48f2822d59ede88fd5cd4ddad83c0b497213feb7a70fbf90597a70c5217f735b0eb1850df40ce9b4ae81dd22b3f9
  languageName: node
  linkType: hard

"scrypt-js@npm:^3.0.0":
  version: 3.0.1
  resolution: "scrypt-js@npm:3.0.1"
  checksum: 3/2ae93c4dd519c05a53c169fb92bbc2f76c38c7b2a277492e098f300caf099ccfae07de06441f9a9af4fceda1af65c9fff3a1af6b33da293586cd3ea33db7d40d
  languageName: node
  linkType: hard

"semver-compare@npm:^1.0.0":
  version: 1.0.0
  resolution: "semver-compare@npm:1.0.0"
  checksum: 3/9f3a74ca5f829c6b643668281228e2af310d9cb918a9d722e0c9426c4244c32346d29e955bbe796c46341f644fc741d888ca02e573f7aa230542809b03b0d8ec
  languageName: node
  linkType: hard

"semver-regex@npm:^2.0.0":
  version: 2.0.0
  resolution: "semver-regex@npm:2.0.0"
  checksum: 3/9b96cc8bd559c1d46968b334ccc88115a2d9d2f7a2125d6838471114ed0c52057e77aae760fbe4932aee06687584733b32aed6d2c9654b2db33e383bfb8f26ce
  languageName: node
  linkType: hard

"slash@npm:^3.0.0":
  version: 3.0.0
  resolution: "slash@npm:3.0.0"
  checksum: 3/fc3e8597d822ee3ba6cd76e9b001cd5be315f9b81c3a03a29bb611c003d1484e3b29a9e7bc020298fa669b585ff7c9268f44513f60c186216eb6af3111a3e838
  languageName: node
  linkType: hard

"sorted-array@npm:^2.0.4":
  version: 2.0.4
  resolution: "sorted-array@npm:2.0.4"
  checksum: 3/b0659123f7fc64e2e781dc3d63e5c2752a57045a86ba36e2f84fb439ea56af4a295eed6c23b118c5ba85f7c5264360e4abb63533b9b6c471a3c38ccf39c1a0e6
  languageName: node
  linkType: hard

"source-map-support@npm:~0.5.12":
  version: 0.5.19
  resolution: "source-map-support@npm:0.5.19"
  dependencies:
    buffer-from: ^1.0.0
    source-map: ^0.6.0
  checksum: 3/59d4efaae97755155b078413ecba63517e3ef054cc7ab767bbd30e6f3054be2ae8e8f5cce7eef53b7eb93e98fe27a58dd8f5e7abfb13144ba420ddaf5267bbb2
  languageName: node
  linkType: hard

"source-map@npm:^0.6.0, source-map@npm:^0.6.1, source-map@npm:~0.6.1":
  version: 0.6.1
  resolution: "source-map@npm:0.6.1"
  checksum: 3/8647829a0611724114022be455ca1c8a2c8ae61df81c5b3667d9b398207226a1e21174fb7bbf0b4dbeb27ac358222afb5a14f1c74a62a62b8883b012e5eb1270
  languageName: node
  linkType: hard

"supports-color@npm:^5.3.0":
  version: 5.5.0
  resolution: "supports-color@npm:5.5.0"
  dependencies:
    has-flag: ^3.0.0
  checksum: 3/edacee6425498440744c418be94b0660181aad2a1828bcf2be85c42bd385da2fd8b2b358d9b62b0c5b03ff5cd3e992458d7b8f879d9fb42f2201fe05a4848a29
  languageName: node
  linkType: hard

"supports-color@npm:^6.1.0":
  version: 6.1.0
  resolution: "supports-color@npm:6.1.0"
  dependencies:
    has-flag: ^3.0.0
  checksum: 3/86821571295ad9f808d5e0149f13c2b0ca6faaf1325c427b369e6f4b2b1e4759046b7a4ea0e3c3c7f2546035fa2fb0d6a90f31c6c4f751eaedbcdc1b983a08cc
  languageName: node
  linkType: hard

"supports-color@npm:^7.1.0":
  version: 7.1.0
  resolution: "supports-color@npm:7.1.0"
  dependencies:
    has-flag: ^4.0.0
  checksum: 3/6130f36b2a71f73014a6ef306bbaa5415d8daa5c0294082762a0505e4fb6800b8a9d037b60ed54f0c69cdfc37860034047d6004481c21f22dd43151b5e9334f0
  languageName: node
  linkType: hard

"terser@npm:^4.3.9":
  version: 4.7.0
  resolution: "terser@npm:4.7.0"
  dependencies:
    commander: ^2.20.0
    source-map: ~0.6.1
    source-map-support: ~0.5.12
  bin:
    terser: bin/terser
  checksum: 3/514910eef6688f65d5df576148472a58f70a7a8044d0badb9be3962ea32729fd7a8b4319dabd8c1774557818dca6b2118623c84af14c3fc3adaaf54b1c03bf61
  languageName: node
  linkType: hard

"to-fast-properties@npm:^2.0.0":
  version: 2.0.0
  resolution: "to-fast-properties@npm:2.0.0"
  checksum: 3/40e61984243b183d575a2f3a87d008bd57102115701ee9037fd673e34becf12ee90262631857410169ca82f401a662ed94482235cea8f3b8dea48b87eaabc467
  languageName: node
  linkType: hard

typescript@latest:
  version: 3.9.3
  resolution: "typescript@npm:3.9.3"
  bin:
    tsc: bin/tsc
    tsserver: bin/tsserver
  checksum: 3/f05e6f1c50c635bd7afc95fbc9eb704042b5bec9a77b9c86ddc0c56650c928617d608b9ec9aa468d7b4cf14ac1ea5f540c540c725005a179b54a86665abd9a55
  languageName: node
  linkType: hard

"typescript@patch:typescript@latest#builtin<compat/typescript>":
  version: 3.9.3
  resolution: "typescript@patch:typescript@npm%3A3.9.3#builtin<compat/typescript>::version=3.9.3&hash=8cac75"
  bin:
    tsc: bin/tsc
    tsserver: bin/tsserver
  checksum: 3/a3780f6fdf0502bb152a3ad56cd004db46f70496f1b8317657d9e89dd93c911483625fd25867d6aec1cd2854ccf036ecc614989c9f1b36bec2d5daffa9bfc230
  languageName: node
  linkType: hard

"userbase-js@npm:latest":
  version: 1.4.1
  resolution: "userbase-js@npm:1.4.1"
  dependencies:
    "@babel/runtime": ^7.9.2
    base64-arraybuffer: ^0.2.0
    diffie-hellman: ^5.0.3
    lz-string: ^1.4.4
    scrypt-js: ^3.0.0
    sorted-array: ^2.0.4
    uuid: ^3.3.3
  checksum: 3/69940c5ed84bd216f7d48c242777b6b779256c0ac45c21aacd55474faef1c5e55232e8b84a58a71611ec042cfb84e26aae64dc8a7e2c9d24894d15f2fdf60d19
  languageName: node
  linkType: hard

"uuid@npm:^3.3.3":
  version: 3.4.0
  resolution: "uuid@npm:3.4.0"
  bin:
    uuid: ./bin/uuid
  checksum: 3/1ce3f37e214d6d0dc94a6a9663a0365013ace66bc3fd5b203e6f5d2eeb978aaee1192367222386345d30b4c6a447928c501121aa84c637724bf105ef57284949
  languageName: node
  linkType: hard

"which-pm-runs@npm:^1.0.0":
  version: 1.0.0
  resolution: "which-pm-runs@npm:1.0.0"
  checksum: 3/0bb79a782e98955afec8f35a3ae95c4711fdd3d0743772ee98211da67c2421fdd4c92c95c93532cc0b4dcc085d8e27f3ad2f8a9173cb632692379bd3d2818821
  languageName: node
  linkType: hard

"yaml@npm:^1.7.2":
  version: 1.10.0
  resolution: "yaml@npm:1.10.0"
  checksum: 3/d4cc9f9724f8d0aebc2cf52e4e6aa7059f12d50deb54b5225d103462fb2af36e5c0bb419101ca4b1f0cd3b4db9e4139cf2c690e863ac6227648d39d6f4e2522c
  languageName: node
  linkType: hard
